#MicroXplorer Configuration settings - do not modify
CAN.BS1=CAN_BS1_2TQ
CAN.BS2=CAN_BS2_1TQ
CAN.CalculateTimeBit=2000
CAN.CalculateTimeQuantum=500.0
CAN.IPParameters=CalculateTimeQuantum,CalculateTimeBit,Prescaler,BS1,BS2,TXFP
CAN.Prescaler=4
CAN.TXFP=ENABLE
File.Version=6
KeepUserPlacement=false
Mcu.Family=STM32F3
Mcu.IP0=CAN
Mcu.IP1=NVIC
Mcu.IP2=RCC
Mcu.IP3=SYS
Mcu.IPNb=4
Mcu.Name=STM32F303K(6-8)Tx
Mcu.Package=LQFP32
Mcu.Pin0=PA11
Mcu.Pin1=PA12
Mcu.Pin2=PB3
Mcu.Pin3=PB4
Mcu.Pin4=VP_SYS_VS_Systick
Mcu.PinsNb=5
Mcu.UserConstants=
Mcu.UserName=STM32F303K8Tx
MxCube.Version=4.20.0
MxDb.Version=DB.4.0.200
NVIC.BusFault_IRQn=true\:0\:0\:false\:false\:true
NVIC.CAN_RX0_IRQn=true\:0\:0\:false\:false\:true
NVIC.CAN_RX1_IRQn=true\:0\:0\:false\:false\:true
NVIC.CAN_SCE_IRQn=true\:0\:0\:false\:false\:true
NVIC.CAN_TX_IRQn=true\:0\:0\:false\:false\:true
NVIC.DebugMonitor_IRQn=true\:0\:0\:false\:false\:true
NVIC.HardFault_IRQn=true\:0\:0\:false\:false\:true
NVIC.MemoryManagement_IRQn=true\:0\:0\:false\:false\:true
NVIC.NonMaskableInt_IRQn=true\:0\:0\:false\:false\:true
NVIC.PendSV_IRQn=true\:0\:0\:false\:false\:true
NVIC.PriorityGroup=NVIC_PRIORITYGROUP_4
NVIC.SVCall_IRQn=true\:0\:0\:false\:false\:true
NVIC.SysTick_IRQn=true\:0\:0\:false\:false\:true
NVIC.UsageFault_IRQn=true\:0\:0\:false\:false\:true
PA11.Locked=true
PA11.Mode=Master
PA11.Signal=CAN_RX
PA12.Locked=true
PA12.Mode=Master
PA12.Signal=CAN_TX
PB3.Locked=true
PB3.Signal=GPIO_Output
PB4.GPIOParameters=GPIO_PuPd
PB4.GPIO_PuPd=GPIO_PULLDOWN
PB4.Locked=true
PB4.Signal=GPIO_Input
PCC.Battery=USB
PCC.Battery.Capacity=5000.0
PCC.Battery.Compatibility=Yes
PCC.Battery.InParallel=1
PCC.Battery.InSeries=1
PCC.Battery.MaxContinuous=1000.0
PCC.Battery.MaxPulseCurrent=0.0
PCC.Battery.NominalVoltage=5.0
PCC.Battery.SelfDischarge=0.0
PCC.Checker=false
PCC.Line=STM32F303
PCC.MCU=STM32F303K(6-8)Tx
PCC.MXVersion=4.20.0
PCC.PartNumber=STM32F303K8Tx
PCC.Seq0=3
PCC.Seq0.Step0.Average_Current=26.06 mA
PCC.Seq0.Step0.CPU_Frequency=72.0 MHz
PCC.Seq0.Step0.Category=In DS Table
PCC.Seq0.Step0.DMIPS=63.0
PCC.Seq0.Step0.Duration=1 ms
PCC.Seq0.Step0.Frequency=8.0 MHz
PCC.Seq0.Step0.Memory=FLASH
PCC.Seq0.Step0.Mode=RUN
PCC.Seq0.Step0.Oscillator=HSE PLL
PCC.Seq0.Step0.Peripherals=GPIOA
PCC.Seq0.Step0.TaMax=99.37
PCC.Seq0.Step0.User's_Consumption=0 mA
PCC.Seq0.Step0.Vcore=No Scale
PCC.Seq0.Step0.Vdd=3.6
PCC.Seq0.Step0.Voltage_Source=Battery
PCC.Seq0.Step1.Average_Current=7.16 mA
PCC.Seq0.Step1.CPU_Frequency=72.0 MHz
PCC.Seq0.Step1.Category=In DS Table
PCC.Seq0.Step1.DMIPS=90.0
PCC.Seq0.Step1.Duration=1 ms
PCC.Seq0.Step1.Frequency=8.0 MHz
PCC.Seq0.Step1.Memory=RAM/FLASH
PCC.Seq0.Step1.Mode=SLEEP
PCC.Seq0.Step1.Oscillator=HSE PLL
PCC.Seq0.Step1.Peripherals=GPIOA
PCC.Seq0.Step1.TaMax=103.45
PCC.Seq0.Step1.User's_Consumption=0 mA
PCC.Seq0.Step1.Vcore=No Scale
PCC.Seq0.Step1.Vdd=3.6
PCC.Seq0.Step1.Voltage_Source=Battery
PCC.Seq0.Step2.Average_Current=3.23 \u00B5A
PCC.Seq0.Step2.CPU_Frequency=0 Hz
PCC.Seq0.Step2.Category=In DS Table
PCC.Seq0.Step2.DMIPS=0.0
PCC.Seq0.Step2.Duration=1 ms
PCC.Seq0.Step2.Frequency=0 Hz
PCC.Seq0.Step2.Memory=n/a
PCC.Seq0.Step2.Mode=STANDBY
PCC.Seq0.Step2.Oscillator=ALL CLOCKS OFF
PCC.Seq0.Step2.Peripherals=
PCC.Seq0.Step2.TaMax=105
PCC.Seq0.Step2.User's_Consumption=0 mA
PCC.Seq0.Step2.Vcore=No Scale
PCC.Seq0.Step2.Vdd=3.6
PCC.Seq0.Step2.Voltage_Source=Battery
PCC.Series=STM32F3
PCC.Temperature=25
PCC.Vdd=3.6
ProjectManager.AskForMigrate=true
ProjectManager.BackupPrevious=false
ProjectManager.CompilerOptimize=2
ProjectManager.ComputerToolchain=false
ProjectManager.CoupleFile=true
ProjectManager.CustomerFirmwarePackage=C\:/Users/Christoph/STM32Cube/Repository/STM32Cube_FW_F3_V1.8.0
ProjectManager.DefaultFWLocation=true
ProjectManager.DeletePrevious=true
ProjectManager.DeviceId=STM32F303K8Tx
ProjectManager.FirmwarePackage=STM32Cube FW_F3 V1.8.0
ProjectManager.FreePins=false
ProjectManager.HalAssertFull=false
ProjectManager.HeapSize=0x200
ProjectManager.KeepUserCode=true
ProjectManager.LastFirmware=true
ProjectManager.LibraryCopy=1
ProjectManager.PreviousToolchain=
ProjectManager.ProjectBuild=false
ProjectManager.ProjectFileName=cp_example.ioc
ProjectManager.ProjectName=cp_example
ProjectManager.StackSize=0x400
ProjectManager.TargetToolchain=SW4STM32
ProjectManager.ToolChainLocation=
ProjectManager.UnderRoot=false
ProjectManager.functionlistsort=1-MX_GPIO_Init-GPIO-false-HAL,2-SystemClock_Config-RCC-false-HAL,3-MX_CAN_Init-CAN-false-HAL
RCC.ADC1Enable=false
RCC.ADC2Enable=false
RCC.ADC3Enable=false
RCC.ADC4Enable=false
RCC.AHBFreq_Value=8000000
RCC.APB1Freq_Value=8000000
RCC.APB2Freq_Value=8000000
RCC.ClockTypeHCLK=RCC_CLOCKTYPE_HCLK
RCC.ClockTypePCLK1=RCC_CLOCKTYPE_PCLK1
RCC.ClockTypePCLK2=RCC_CLOCKTYPE_PCLK2
RCC.CortexFreq_Value=8000000
RCC.EnableHSE=false
RCC.EnableHSERTCDevisor=false
RCC.EnableHSIRTCDevisor=false
RCC.EnableLSE=false
RCC.EnableLSERTC=false
RCC.EnableMCOMultDivisor=false
RCC.FLITFCLKFEnable=false
RCC.FamilyName=M
RCC.HRTIMEnable=false
RCC.HSEPLLFreq_Value=8000000
RCC.HSEState=RCC_HSE_OFF
RCC.HSE_VALUE=8000000
RCC.HSIPLLFreq_Value=4000000
RCC.HSIState=RCC_HSI_ON
RCC.HSI_VALUE=8000000
RCC.I2C1Enable=false
RCC.I2C1Freq_Value=8000000
RCC.I2C2Enable=false
RCC.I2C3Enable=false
RCC.I2SEnable=false
RCC.IPParameters=ADC1Enable,ADC2Enable,ADC3Enable,ADC4Enable,AHBFreq_Value,APB1Freq_Value,APB2Freq_Value,ClockTypeHCLK,ClockTypePCLK1,ClockTypePCLK2,CortexFreq_Value,EnableHSE,EnableHSERTCDevisor,EnableHSIRTCDevisor,EnableLSE,EnableLSERTC,EnableMCOMultDivisor,FLITFCLKFEnable,FamilyName,HRTIMEnable,HSEPLLFreq_Value,HSEState,HSE_VALUE,HSIPLLFreq_Value,HSIState,HSI_VALUE,I2C1Enable,I2C1Freq_Value,I2C2Enable,I2C3Enable,I2SEnable,IWDGEnable,LSIState,LSI_VALUE,MCOEnable,OscillatorTypeHSE,OscillatorTypeHSI,OscillatorTypeLSI,PLLCLKFreq_Value,PLLMCOFreq_Value,PLLSource,PLLSourceVirtual,PLLState,RTCEnable,RTCFreq_Value,RTCHSEDivFreq_Value,SYSCLKFreq_VALUE,SYSCLKSource,SYSCLKSourceVirtual,TIM2Freq_Value,Tim15Enable,Tim16Enable,Tim17Enable,Tim1Enable,Tim8Enable,UART4Enable,UART5Enable,USART1Enable,USART1Freq_Value,USART2Enable,USART3Enable,USBEnable,VCOOutput2Freq_Value
RCC.IWDGEnable=false
RCC.LSIState=RCC_LSI_OFF
RCC.LSI_VALUE=40000
RCC.MCOEnable=false
RCC.OscillatorTypeHSE=
RCC.OscillatorTypeHSI=RCC_OSCILLATORTYPE_HSI
RCC.OscillatorTypeLSI=
RCC.PLLCLKFreq_Value=8000000
RCC.PLLMCOFreq_Value=8000000
RCC.PLLSource=RCC_PLLSOURCE_HSI
RCC.PLLSourceVirtual=RCC_PLLSOURCE_HSI
RCC.PLLState=RCC_PLL_OFF
RCC.RTCEnable=false
RCC.RTCFreq_Value=40000
RCC.RTCHSEDivFreq_Value=250000
RCC.SYSCLKFreq_VALUE=8000000
RCC.SYSCLKSource=RCC_SYSCLKSOURCE_HSI
RCC.SYSCLKSourceVirtual=RCC_SYSCLKSOURCE_HSI
RCC.TIM2Freq_Value=8000000
RCC.Tim15Enable=false
RCC.Tim16Enable=false
RCC.Tim17Enable=false
RCC.Tim1Enable=false
RCC.Tim8Enable=true
RCC.UART4Enable=false
RCC.UART5Enable=false
RCC.USART1Enable=false
RCC.USART1Freq_Value=8000000
RCC.USART2Enable=false
RCC.USART3Enable=false
RCC.USBEnable=false
RCC.VCOOutput2Freq_Value=4000000
VP_SYS_VS_Systick.Mode=SysTick
VP_SYS_VS_Systick.Signal=SYS_VS_Systick
board=cp_example
